// !$*UTF8*$!
{
	archiveVersion = 1;
	classes = {
	};
	objectVersion = 46;
	objects = {

/* Begin PBXBuildFile section */
		8369FCB01C838F8A00036809 /* main.m in Sources */ = {isa = PBXBuildFile; fileRef = 8369FCAF1C838F8A00036809 /* main.m */; };
		8369FCB31C838F8A00036809 /* AppDelegate.m in Sources */ = {isa = PBXBuildFile; fileRef = 8369FCB21C838F8A00036809 /* AppDelegate.m */; };
		8369FCB61C838F8A00036809 /* FirstViewController.m in Sources */ = {isa = PBXBuildFile; fileRef = 8369FCB51C838F8A00036809 /* FirstViewController.m */; };
		8369FCB91C838F8A00036809 /* SecondViewController.m in Sources */ = {isa = PBXBuildFile; fileRef = 8369FCB81C838F8A00036809 /* SecondViewController.m */; };
		8369FCBC1C838F8A00036809 /* Main.storyboard in Resources */ = {isa = PBXBuildFile; fileRef = 8369FCBA1C838F8A00036809 /* Main.storyboard */; };
		8369FCBE1C838F8A00036809 /* Images.xcassets in Resources */ = {isa = PBXBuildFile; fileRef = 8369FCBD1C838F8A00036809 /* Images.xcassets */; };
		8369FCC11C838F8A00036809 /* LaunchScreen.xib in Resources */ = {isa = PBXBuildFile; fileRef = 8369FCBF1C838F8A00036809 /* LaunchScreen.xib */; };
		8369FCCD1C838F8A00036809 /* AmalgamateTests.m in Sources */ = {isa = PBXBuildFile; fileRef = 8369FCCC1C838F8A00036809 /* AmalgamateTests.m */; };
		8369FCDF1C839A0A00036809 /* FBSDKCoreKit.framework in Frameworks */ = {isa = PBXBuildFile; fileRef = 8369FCDC1C839A0A00036809 /* FBSDKCoreKit.framework */; };
		8369FCE01C839A0A00036809 /* FBSDKLoginKit.framework in Frameworks */ = {isa = PBXBuildFile; fileRef = 8369FCDD1C839A0A00036809 /* FBSDKLoginKit.framework */; };
		8369FCE11C839A0A00036809 /* FBSDKShareKit.framework in Frameworks */ = {isa = PBXBuildFile; fileRef = 8369FCDE1C839A0A00036809 /* FBSDKShareKit.framework */; };
		8369FCE61C83A0FA00036809 /* FourthViewController.m in Sources */ = {isa = PBXBuildFile; fileRef = 8369FCE31C83A0FA00036809 /* FourthViewController.m */; };
		8369FCE71C83A0FA00036809 /* ThirdViewController.m in Sources */ = {isa = PBXBuildFile; fileRef = 8369FCE51C83A0FA00036809 /* ThirdViewController.m */; };
		837ACDF41C83D12C002CDBD2 /* LoginState.m in Sources */ = {isa = PBXBuildFile; fileRef = 837ACDF31C83D12C002CDBD2 /* LoginState.m */; };
		83CC43691C83A8B30055A0AD /* Login.m in Sources */ = {isa = PBXBuildFile; fileRef = 83CC43671C83A8B30055A0AD /* Login.m */; };
		83CC436A1C83A8B30055A0AD /* Login.xib in Resources */ = {isa = PBXBuildFile; fileRef = 83CC43681C83A8B30055A0AD /* Login.xib */; };
/* End PBXBuildFile section */

/* Begin PBXContainerItemProxy section */
		8369FCC71C838F8A00036809 /* PBXContainerItemProxy */ = {
			isa = PBXContainerItemProxy;
			containerPortal = 8369FCA21C838F8A00036809 /* Project object */;
			proxyType = 1;
			remoteGlobalIDString = 8369FCA91C838F8A00036809;
			remoteInfo = Amalgamate;
		};
/* End PBXContainerItemProxy section */

/* Begin PBXFileReference section */
		8369FCAA1C838F8A00036809 /* Amalgamate.app */ = {isa = PBXFileReference; explicitFileType = wrapper.application; includeInIndex = 0; path = Amalgamate.app; sourceTree = BUILT_PRODUCTS_DIR; };
		8369FCAE1C838F8A00036809 /* Info.plist */ = {isa = PBXFileReference; lastKnownFileType = text.plist.xml; path = Info.plist; sourceTree = "<group>"; };
		8369FCAF1C838F8A00036809 /* main.m */ = {isa = PBXFileReference; lastKnownFileType = sourcecode.c.objc; path = main.m; sourceTree = "<group>"; };
		8369FCB11C838F8A00036809 /* AppDelegate.h */ = {isa = PBXFileReference; lastKnownFileType = sourcecode.c.h; path = AppDelegate.h; sourceTree = "<group>"; };
		8369FCB21C838F8A00036809 /* AppDelegate.m */ = {isa = PBXFileReference; lastKnownFileType = sourcecode.c.objc; path = AppDelegate.m; sourceTree = "<group>"; };
		8369FCB41C838F8A00036809 /* FirstViewController.h */ = {isa = PBXFileReference; lastKnownFileType = sourcecode.c.h; path = FirstViewController.h; sourceTree = "<group>"; };
		8369FCB51C838F8A00036809 /* FirstViewController.m */ = {isa = PBXFileReference; lastKnownFileType = sourcecode.c.objc; path = FirstViewController.m; sourceTree = "<group>"; };
		8369FCB71C838F8A00036809 /* SecondViewController.h */ = {isa = PBXFileReference; lastKnownFileType = sourcecode.c.h; path = SecondViewController.h; sourceTree = "<group>"; };
		8369FCB81C838F8A00036809 /* SecondViewController.m */ = {isa = PBXFileReference; lastKnownFileType = sourcecode.c.objc; path = SecondViewController.m; sourceTree = "<group>"; };
		8369FCBB1C838F8A00036809 /* Base */ = {isa = PBXFileReference; lastKnownFileType = file.storyboard; name = Base; path = Base.lproj/Main.storyboard; sourceTree = "<group>"; };
		8369FCBD1C838F8A00036809 /* Images.xcassets */ = {isa = PBXFileReference; lastKnownFileType = folder.assetcatalog; path = Images.xcassets; sourceTree = "<group>"; };
		8369FCC01C838F8A00036809 /* Base */ = {isa = PBXFileReference; lastKnownFileType = file.xib; name = Base; path = Base.lproj/LaunchScreen.xib; sourceTree = "<group>"; };
		8369FCC61C838F8A00036809 /* AmalgamateTests.xctest */ = {isa = PBXFileReference; explicitFileType = wrapper.cfbundle; includeInIndex = 0; path = AmalgamateTests.xctest; sourceTree = BUILT_PRODUCTS_DIR; };
		8369FCCB1C838F8A00036809 /* Info.plist */ = {isa = PBXFileReference; lastKnownFileType = text.plist.xml; path = Info.plist; sourceTree = "<group>"; };
		8369FCCC1C838F8A00036809 /* AmalgamateTests.m */ = {isa = PBXFileReference; lastKnownFileType = sourcecode.c.objc; path = AmalgamateTests.m; sourceTree = "<group>"; };
		8369FCDC1C839A0A00036809 /* FBSDKCoreKit.framework */ = {isa = PBXFileReference; lastKnownFileType = wrapper.framework; path = FBSDKCoreKit.framework; sourceTree = "<group>"; };
		8369FCDD1C839A0A00036809 /* FBSDKLoginKit.framework */ = {isa = PBXFileReference; lastKnownFileType = wrapper.framework; path = FBSDKLoginKit.framework; sourceTree = "<group>"; };
		8369FCDE1C839A0A00036809 /* FBSDKShareKit.framework */ = {isa = PBXFileReference; lastKnownFileType = wrapper.framework; path = FBSDKShareKit.framework; sourceTree = "<group>"; };
		8369FCE21C83A0FA00036809 /* FourthViewController.h */ = {isa = PBXFileReference; fileEncoding = 4; lastKnownFileType = sourcecode.c.h; path = FourthViewController.h; sourceTree = "<group>"; };
		8369FCE31C83A0FA00036809 /* FourthViewController.m */ = {isa = PBXFileReference; fileEncoding = 4; lastKnownFileType = sourcecode.c.objc; path = FourthViewController.m; sourceTree = "<group>"; };
		8369FCE41C83A0FA00036809 /* ThirdViewController.h */ = {isa = PBXFileReference; fileEncoding = 4; lastKnownFileType = sourcecode.c.h; path = ThirdViewController.h; sourceTree = "<group>"; };
		8369FCE51C83A0FA00036809 /* ThirdViewController.m */ = {isa = PBXFileReference; fileEncoding = 4; lastKnownFileType = sourcecode.c.objc; path = ThirdViewController.m; sourceTree = "<group>"; };
		837ACDF21C83D12C002CDBD2 /* LoginState.h */ = {isa = PBXFileReference; fileEncoding = 4; lastKnownFileType = sourcecode.c.h; path = LoginState.h; sourceTree = "<group>"; };
		837ACDF31C83D12C002CDBD2 /* LoginState.m */ = {isa = PBXFileReference; fileEncoding = 4; lastKnownFileType = sourcecode.c.objc; path = LoginState.m; sourceTree = "<group>"; };
		83CC43661C83A8B30055A0AD /* Login.h */ = {isa = PBXFileReference; fileEncoding = 4; lastKnownFileType = sourcecode.c.h; path = Login.h; sourceTree = "<group>"; };
		83CC43671C83A8B30055A0AD /* Login.m */ = {isa = PBXFileReference; fileEncoding = 4; lastKnownFileType = sourcecode.c.objc; path = Login.m; sourceTree = "<group>"; };
		83CC43681C83A8B30055A0AD /* Login.xib */ = {isa = PBXFileReference; fileEncoding = 4; lastKnownFileType = file.xib; path = Login.xib; sourceTree = "<group>"; };
/* End PBXFileReference section */

/* Begin PBXFrameworksBuildPhase section */
		8369FCA71C838F8A00036809 /* Frameworks */ = {
			isa = PBXFrameworksBuildPhase;
			buildActionMask = 2147483647;
			files = (
				8369FCE01C839A0A00036809 /* FBSDKLoginKit.framework in Frameworks */,
				8369FCDF1C839A0A00036809 /* FBSDKCoreKit.framework in Frameworks */,
				8369FCE11C839A0A00036809 /* FBSDKShareKit.framework in Frameworks */,
			);
			runOnlyForDeploymentPostprocessing = 0;
		};
		8369FCC31C838F8A00036809 /* Frameworks */ = {
			isa = PBXFrameworksBuildPhase;
			buildActionMask = 2147483647;
			files = (
			);
			runOnlyForDeploymentPostprocessing = 0;
		};
/* End PBXFrameworksBuildPhase section */

/* Begin PBXGroup section */
		8369FCA11C838F8A00036809 = {
			isa = PBXGroup;
			children = (
				8369FCAC1C838F8A00036809 /* Amalgamate */,
				8369FCC91C838F8A00036809 /* AmalgamateTests */,
				8369FCAB1C838F8A00036809 /* Products */,
			);
			sourceTree = "<group>";
		};
		8369FCAB1C838F8A00036809 /* Products */ = {
			isa = PBXGroup;
			children = (
				8369FCAA1C838F8A00036809 /* Amalgamate.app */,
				8369FCC61C838F8A00036809 /* AmalgamateTests.xctest */,
			);
			name = Products;
			sourceTree = "<group>";
		};
		8369FCAC1C838F8A00036809 /* Amalgamate */ = {
			isa = PBXGroup;
			children = (
				8369FCB11C838F8A00036809 /* AppDelegate.h */,
				8369FCB21C838F8A00036809 /* AppDelegate.m */,
				8369FCB41C838F8A00036809 /* FirstViewController.h */,
				8369FCB51C838F8A00036809 /* FirstViewController.m */,
				8369FCE21C83A0FA00036809 /* FourthViewController.h */,
				8369FCE31C83A0FA00036809 /* FourthViewController.m */,
				8369FCE41C83A0FA00036809 /* ThirdViewController.h */,
				8369FCE51C83A0FA00036809 /* ThirdViewController.m */,
				8369FCB71C838F8A00036809 /* SecondViewController.h */,
				8369FCB81C838F8A00036809 /* SecondViewController.m */,
				8369FCBA1C838F8A00036809 /* Main.storyboard */,
				83CC43661C83A8B30055A0AD /* Login.h */,
				83CC43671C83A8B30055A0AD /* Login.m */,
				837ACDF21C83D12C002CDBD2 /* LoginState.h */,
				837ACDF31C83D12C002CDBD2 /* LoginState.m */,
				83CC43681C83A8B30055A0AD /* Login.xib */,
				8369FCBD1C838F8A00036809 /* Images.xcassets */,
				8369FCBF1C838F8A00036809 /* LaunchScreen.xib */,
				8369FCDC1C839A0A00036809 /* FBSDKCoreKit.framework */,
				8369FCDD1C839A0A00036809 /* FBSDKLoginKit.framework */,
				8369FCDE1C839A0A00036809 /* FBSDKShareKit.framework */,
				8369FCAD1C838F8A00036809 /* Supporting Files */,
			);
			path = Amalgamate;
			sourceTree = "<group>";
		};
		8369FCAD1C838F8A00036809 /* Supporting Files */ = {
			isa = PBXGroup;
			children = (
				8369FCAE1C838F8A00036809 /* Info.plist */,
				8369FCAF1C838F8A00036809 /* main.m */,
			);
			name = "Supporting Files";
			sourceTree = "<group>";
		};
		8369FCC91C838F8A00036809 /* AmalgamateTests */ = {
			isa = PBXGroup;
			children = (
				8369FCCC1C838F8A00036809 /* AmalgamateTests.m */,
				8369FCCA1C838F8A00036809 /* Supporting Files */,
			);
			path = AmalgamateTests;
			sourceTree = "<group>";
		};
		8369FCCA1C838F8A00036809 /* Supporting Files */ = {
			isa = PBXGroup;
			children = (
				8369FCCB1C838F8A00036809 /* Info.plist */,
			);
			name = "Supporting Files";
			sourceTree = "<group>";
		};
/* End PBXGroup section */

/* Begin PBXNativeTarget section */
		8369FCA91C838F8A00036809 /* Amalgamate */ = {
			isa = PBXNativeTarget;
			buildConfigurationList = 8369FCD01C838F8A00036809 /* Build configuration list for PBXNativeTarget "Amalgamate" */;
			buildPhases = (
				8369FCA61C838F8A00036809 /* Sources */,
				8369FCA71C838F8A00036809 /* Frameworks */,
				8369FCA81C838F8A00036809 /* Resources */,
			);
			buildRules = (
			);
			dependencies = (
			);
			name = Amalgamate;
			productName = Amalgamate;
			productReference = 8369FCAA1C838F8A00036809 /* Amalgamate.app */;
			productType = "com.apple.product-type.application";
		};
		8369FCC51C838F8A00036809 /* AmalgamateTests */ = {
			isa = PBXNativeTarget;
			buildConfigurationList = 8369FCD31C838F8A00036809 /* Build configuration list for PBXNativeTarget "AmalgamateTests" */;
			buildPhases = (
				8369FCC21C838F8A00036809 /* Sources */,
				8369FCC31C838F8A00036809 /* Frameworks */,
				8369FCC41C838F8A00036809 /* Resources */,
			);
			buildRules = (
			);
			dependencies = (
				8369FCC81C838F8A00036809 /* PBXTargetDependency */,
			);
			name = AmalgamateTests;
			productName = AmalgamateTests;
			productReference = 8369FCC61C838F8A00036809 /* AmalgamateTests.xctest */;
			productType = "com.apple.product-type.bundle.unit-test";
		};
/* End PBXNativeTarget section */

/* Begin PBXProject section */
		8369FCA21C838F8A00036809 /* Project object */ = {
			isa = PBXProject;
			attributes = {
				LastUpgradeCheck = 0640;
				ORGANIZATIONNAME = Group10;
				TargetAttributes = {
					8369FCA91C838F8A00036809 = {
						CreatedOnToolsVersion = 6.4;
					};
					8369FCC51C838F8A00036809 = {
						CreatedOnToolsVersion = 6.4;
						TestTargetID = 8369FCA91C838F8A00036809;
					};
				};
			};
			buildConfigurationList = 8369FCA51C838F8A00036809 /* Build configuration list for PBXProject "Amalgamate" */;
			compatibilityVersion = "Xcode 3.2";
			developmentRegion = English;
			hasScannedForEncodings = 0;
			knownRegions = (
				en,
				Base,
			);
			mainGroup = 8369FCA11C838F8A00036809;
			productRefGroup = 8369FCAB1C838F8A00036809 /* Products */;
			projectDirPath = "";
			projectRoot = "";
			targets = (
				8369FCA91C838F8A00036809 /* Amalgamate */,
				8369FCC51C838F8A00036809 /* AmalgamateTests */,
			);
		};
/* End PBXProject section */

/* Begin PBXResourcesBuildPhase section */
		8369FCA81C838F8A00036809 /* Resources */ = {
			isa = PBXResourcesBuildPhase;
			buildActionMask = 2147483647;
			files = (
				8369FCBC1C838F8A00036809 /* Main.storyboard in Resources */,
				8369FCC11C838F8A00036809 /* LaunchScreen.xib in Resources */,
				8369FCBE1C838F8A00036809 /* Images.xcassets in Resources */,
				83CC436A1C83A8B30055A0AD /* Login.xib in Resources */,
			);
			runOnlyForDeploymentPostprocessing = 0;
		};
		8369FCC41C838F8A00036809 /* Resources */ = {
			isa = PBXResourcesBuildPhase;
			buildActionMask = 2147483647;
			files = (
			);
			runOnlyForDeploymentPostprocessing = 0;
		};
/* End PBXResourcesBuildPhase section */

/* Begin PBXSourcesBuildPhase section */
		8369FCA61C838F8A00036809 /* Sources */ = {
			isa = PBXSourcesBuildPhase;
			buildActionMask = 2147483647;
			files = (
				8369FCB91C838F8A00036809 /* SecondViewController.m in Sources */,
				837ACDF41C83D12C002CDBD2 /* LoginState.m in Sources */,
				8369FCE61C83A0FA00036809 /* FourthViewController.m in Sources */,
				8369FCE71C83A0FA00036809 /* ThirdViewController.m in Sources */,
				83CC43691C83A8B30055A0AD /* Login.m in Sources */,
				8369FCB31C838F8A00036809 /* AppDelegate.m in Sources */,
				8369FCB61C838F8A00036809 /* FirstViewController.m in Sources */,
				8369FCB01C838F8A00036809 /* main.m in Sources */,
			);
			runOnlyForDeploymentPostprocessing = 0;
		};
		8369FCC21C838F8A00036809 /* Sources */ = {
			isa = PBXSourcesBuildPhase;
			buildActionMask = 2147483647;
			files = (
				8369FCCD1C838F8A00036809 /* AmalgamateTests.m in Sources */,
			);
			runOnlyForDeploymentPostprocessing = 0;
		};
/* End PBXSourcesBuildPhase section */

/* Begin PBXTargetDependency section */
		8369FCC81C838F8A00036809 /* PBXTargetDependency */ = {
			isa = PBXTargetDependency;
			target = 8369FCA91C838F8A00036809 /* Amalgamate */;
			targetProxy = 8369FCC71C838F8A00036809 /* PBXContainerItemProxy */;
		};
/* End PBXTargetDependency section */

/* Begin PBXVariantGroup section */
		8369FCBA1C838F8A00036809 /* Main.storyboard */ = {
			isa = PBXVariantGroup;
			children = (
				8369FCBB1C838F8A00036809 /* Base */,
			);
			name = Main.storyboard;
			sourceTree = "<group>";
		};
		8369FCBF1C838F8A00036809 /* LaunchScreen.xib */ = {
			isa = PBXVariantGroup;
			children = (
				8369FCC01C838F8A00036809 /* Base */,
			);
			name = LaunchScreen.xib;
			sourceTree = "<group>";
		};
/* End PBXVariantGroup section */

/* Begin XCBuildConfiguration section */
		8369FCCE1C838F8A00036809 /* Debug */ = {
			isa = XCBuildConfiguration;
			buildSettings = {
				ALWAYS_SEARCH_USER_PATHS = NO;
				CLANG_CXX_LANGUAGE_STANDARD = "gnu++0x";
				CLANG_CXX_LIBRARY = "libc++";
				CLANG_ENABLE_MODULES = YES;
				CLANG_ENABLE_OBJC_ARC = YES;
				CLANG_WARN_BOOL_CONVERSION = YES;
				CLANG_WARN_CONSTANT_CONVERSION = YES;
				CLANG_WARN_DIRECT_OBJC_ISA_USAGE = YES_ERROR;
				CLANG_WARN_EMPTY_BODY = YES;
				CLANG_WARN_ENUM_CONVERSION = YES;
				CLANG_WARN_INT_CONVERSION = YES;
				CLANG_WARN_OBJC_ROOT_CLASS = YES_ERROR;
				CLANG_WARN_UNREACHABLE_CODE = YES;
				CLANG_WARN__DUPLICATE_METHOD_MATCH = YES;
				"CODE_SIGN_IDENTITY[sdk=iphoneos*]" = "iPhone Developer";
				COPY_PHASE_STRIP = NO;
				DEBUG_INFORMATION_FORMAT = "dwarf-with-dsym";
				ENABLE_STRICT_OBJC_MSGSEND = YES;
				GCC_C_LANGUAGE_STANDARD = gnu99;
				GCC_DYNAMIC_NO_PIC = NO;
				GCC_NO_COMMON_BLOCKS = YES;
				GCC_OPTIMIZATION_LEVEL = 0;
				GCC_PREPROCESSOR_DEFINITIONS = (
					"DEBUG=1",
					"$(inherited)",
				);
				GCC_SYMBOLS_PRIVATE_EXTERN = NO;
				GCC_WARN_64_TO_32_BIT_CONVERSION = YES;
				GCC_WARN_ABOUT_RETURN_TYPE = YES_ERROR;
				GCC_WARN_UNDECLARED_SELECTOR = YES;
				GCC_WARN_UNINITIALIZED_AUTOS = YES_AGGRESSIVE;
				GCC_WARN_UNUSED_FUNCTION = YES;
				GCC_WARN_UNUSED_VARIABLE = YES;
				IPHONEOS_DEPLOYMENT_TARGET = 8.4;
				MTL_ENABLE_DEBUG_INFO = YES;
				ONLY_ACTIVE_ARCH = YES;
				SDKROOT = iphoneos;
				TARGETED_DEVICE_FAMILY = "1,2";
			};
			name = Debug;
		};
		8369FCCF1C838F8A00036809 /* Release */ = {
			isa = XCBuildConfiguration;
			buildSettings = {
				ALWAYS_SEARCH_USER_PATHS = NO;
				CLANG_CXX_LANGUAGE_STANDARD = "gnu++0x";
				CLANG_CXX_LIBRARY = "libc++";
				CLANG_ENABLE_MODULES = YES;
				CLANG_ENABLE_OBJC_ARC = YES;
				CLANG_WARN_BOOL_CONVERSION = YES;
				CLANG_WARN_CONSTANT_CONVERSION = YES;
				CLANG_WARN_DIRECT_OBJC_ISA_USAGE = YES_ERROR;
				CLANG_WARN_EMPTY_BODY = YES;
				CLANG_WARN_ENUM_CONVERSION = YES;
				CLANG_WARN_INT_CONVERSION = YES;
				CLANG_WARN_OBJC_ROOT_CLASS = YES_ERROR;
				CLANG_WARN_UNREACHABLE_CODE = YES;
				CLANG_WARN__DUPLICATE_METHOD_MATCH = YES;
				"CODE_SIGN_IDENTITY[sdk=iphoneos*]" = "iPhone Developer";
				COPY_PHASE_STRIP = NO;
				DEBUG_INFORMATION_FORMAT = "dwarf-with-dsym";
				ENABLE_NS_ASSERTIONS = NO;
				ENABLE_STRICT_OBJC_MSGSEND = YES;
				GCC_C_LANGUAGE_STANDARD = gnu99;
				GCC_NO_COMMON_BLOCKS = YES;
				GCC_WARN_64_TO_32_BIT_CONVERSION = YES;
				GCC_WARN_ABOUT_RETURN_TYPE = YES_ERROR;
				GCC_WARN_UNDECLARED_SELECTOR = YES;
				GCC_WARN_UNINITIALIZED_AUTOS = YES_AGGRESSIVE;
				GCC_WARN_UNUSED_FUNCTION = YES;
				GCC_WARN_UNUSED_VARIABLE = YES;
				IPHONEOS_DEPLOYMENT_TARGET = 8.4;
				MTL_ENABLE_DEBUG_INFO = NO;
				SDKROOT = iphoneos;
				TARGETED_DEVICE_FAMILY = "1,2";
				VALIDATE_PRODUCT = YES;
			};
			name = Release;
		};
		8369FCD11C838F8A00036809 /* Debug */ = {
			isa = XCBuildConfiguration;
			buildSettings = {
				ASSETCATALOG_COMPILER_APPICON_NAME = AppIcon;
				FRAMEWORK_SEARCH_PATHS = (
					"$(inherited)",
					"$(PROJECT_DIR)/Amalgamate",
				);
				INFOPLIST_FILE = Amalgamate/Info.plist;
				LD_RUNPATH_SEARCH_PATHS = "$(inherited) @executable_path/Frameworks";
				PRODUCT_NAME = "$(TARGET_NAME)";
			};
			name = Debug;
		};
		8369FCD21C838F8A00036809 /* Release */ = {
			isa = XCBuildConfiguration;
			buildSettings = {
				ASSETCATALOG_COMPILER_APPICON_NAME = AppIcon;
				FRAMEWORK_SEARCH_PATHS = (
					"$(inherited)",
					"$(PROJECT_DIR)/Amalgamate",
				);
				INFOPLIST_FILE = Amalgamate/Info.plist;
				LD_RUNPATH_SEARCH_PATHS = "$(inherited) @executable_path/Frameworks";
				PRODUCT_NAME = "$(TARGET_NAME)";
			};
			name = Release;
		};
		8369FCD41C838F8A00036809 /* Debug */ = {
			isa = XCBuildConfiguration;
			buildSettings = {
				BUNDLE_LOADER = "$(TEST_HOST)";
				FRAMEWORK_SEARCH_PATHS = (
					"$(SDKROOT)/Developer/Library/Frameworks",
					"$(inherited)",
				);
				GCC_PREPROCESSOR_DEFINITIONS = (
					"DEBUG=1",
					"$(inherited)",
				);
				INFOPLIST_FILE = AmalgamateTests/Info.plist;
				LD_RUNPATH_SEARCH_PATHS = "$(inherited) @executable_path/Frameworks @loader_path/Frameworks";
				PRODUCT_NAME = "$(TARGET_NAME)";
				TEST_HOST = "$(BUILT_PRODUCTS_DIR)/Amalgamate.app/Amalgamate";
			};
			name = Debug;
		};
		8369FCD51C838F8A00036809 /* Release */ = {
			isa = XCBuildConfiguration;
			buildSettings = {
				BUNDLE_LOADER = "$(TEST_HOST)";
				FRAMEWORK_SEARCH_PATHS = (
					"$(SDKROOT)/Developer/Library/Frameworks",
					"$(inherited)",
				);
				INFOPLIST_FILE = AmalgamateTests/Info.plist;
				LD_RUNPATH_SEARCH_PATHS = "$(inherited) @executable_path/Frameworks @loader_path/Frameworks";
				PRODUCT_NAME = "$(TARGET_NAME)";
				TEST_HOST = "$(BUILT_PRODUCTS_DIR)/Amalgamate.app/Amalgamate";
			};
			name = Release;
		};
/* End XCBuildConfiguration section */

/* Begin XCConfigurationList section */
		8369FCA51C838F8A00036809 /* Build configuration list for PBXProject "Amalgamate" */ = {
			isa = XCConfigurationList;
			buildConfigurations = (
				8369FCCE1C838F8A00036809 /* Debug */,
				8369FCCF1C838F8A00036809 /* Release */,
			);
			defaultConfigurationIsVisible = 0;
			defaultConfigurationName = Release;
		};
		8369FCD01C838F8A00036809 /* Build configuration list for PBXNativeTarget "Amalgamate" */ = {
			isa = XCConfigurationList;
			buildConfigurations = (
				8369FCD11C838F8A00036809 /* Debug */,
				8369FCD21C838F8A00036809 /* Release */,
			);
			defaultConfigurationIsVisible = 0;
			defaultConfigurationName = Release;
		};
		8369FCD31C838F8A00036809 /* Build configuration list for PBXNativeTarget "AmalgamateTests" */ = {
			isa = XCConfigurationList;
			buildConfigurations = (
				8369FCD41C838F8A00036809 /* Debug */,
				8369FCD51C838F8A00036809 /* Release */,
			);
			defaultConfigurationIsVisible = 0;
			defaultConfigurationName = Release;
		};
/* End XCConfigurationList section */
	};
	rootObject = 8369FCA21C838F8A00036809 /* Project object */;
}
