// !$*UTF8*$!
{
	archiveVersion = 1;
	classes = {
	};
	objectVersion = 46;
	objects = {

/* Begin PBXBuildFile section */
		75A73F551CAB2DEF007BA316 /* AmalgamateIcon.jpg in Resources */ = {isa = PBXBuildFile; fileRef = 75A73F541CAB2DEF007BA316 /* AmalgamateIcon.jpg */; };
		83245BEC1C99FFA6000C6EBD /* SearchTermData.m in Sources */ = {isa = PBXBuildFile; fileRef = 83245BEB1C99FFA6000C6EBD /* SearchTermData.m */; };
		83657F451C99F45900B799A2 /* Fabric.framework in Frameworks */ = {isa = PBXBuildFile; fileRef = 83657F411C99F45900B799A2 /* Fabric.framework */; };
		83657F461C99F45900B799A2 /* TwitterKit.framework in Frameworks */ = {isa = PBXBuildFile; fileRef = 83657F421C99F45900B799A2 /* TwitterKit.framework */; };
		83657F471C99F45900B799A2 /* TwitterKitResources.bundle in Resources */ = {isa = PBXBuildFile; fileRef = 83657F431C99F45900B799A2 /* TwitterKitResources.bundle */; };
		83657F481C99F45900B799A2 /* TwitterCore.framework in Frameworks */ = {isa = PBXBuildFile; fileRef = 83657F441C99F45900B799A2 /* TwitterCore.framework */; };
		83927DBA1C972570001DCCF4 /* main.m in Sources */ = {isa = PBXBuildFile; fileRef = 83927DB91C972570001DCCF4 /* main.m */; };
		83927DBD1C972570001DCCF4 /* AppDelegate.m in Sources */ = {isa = PBXBuildFile; fileRef = 83927DBC1C972570001DCCF4 /* AppDelegate.m */; };
		83927DC01C972570001DCCF4 /* ViewController.m in Sources */ = {isa = PBXBuildFile; fileRef = 83927DBF1C972570001DCCF4 /* ViewController.m */; };
		83927DC31C972570001DCCF4 /* Main.storyboard in Resources */ = {isa = PBXBuildFile; fileRef = 83927DC11C972570001DCCF4 /* Main.storyboard */; };
		83927DC51C972571001DCCF4 /* Assets.xcassets in Resources */ = {isa = PBXBuildFile; fileRef = 83927DC41C972571001DCCF4 /* Assets.xcassets */; };
		83927DC81C972571001DCCF4 /* LaunchScreen.storyboard in Resources */ = {isa = PBXBuildFile; fileRef = 83927DC61C972571001DCCF4 /* LaunchScreen.storyboard */; };
		83927DD31C972571001DCCF4 /* AmalgamateTests.m in Sources */ = {isa = PBXBuildFile; fileRef = 83927DD21C972571001DCCF4 /* AmalgamateTests.m */; };
		83927DDE1C972571001DCCF4 /* AmalgamateUITests.m in Sources */ = {isa = PBXBuildFile; fileRef = 83927DDD1C972571001DCCF4 /* AmalgamateUITests.m */; };
		83927DED1C97281B001DCCF4 /* SearchViewController.m in Sources */ = {isa = PBXBuildFile; fileRef = 83927DEC1C97281B001DCCF4 /* SearchViewController.m */; };
		83927DF71C9751D1001DCCF4 /* ManageViewController.m in Sources */ = {isa = PBXBuildFile; fileRef = 83927DF51C9751D1001DCCF4 /* ManageViewController.m */; };
		83927DF81C9751D1001DCCF4 /* ManageViewController.xib in Resources */ = {isa = PBXBuildFile; fileRef = 83927DF61C9751D1001DCCF4 /* ManageViewController.xib */; };
		83A077FE1CA210E700AF4797 /* SelectFeedViewController.m in Sources */ = {isa = PBXBuildFile; fileRef = 83A077FC1CA210E700AF4797 /* SelectFeedViewController.m */; };
		83A077FF1CA210E700AF4797 /* SelectFeedViewController.xib in Resources */ = {isa = PBXBuildFile; fileRef = 83A077FD1CA210E700AF4797 /* SelectFeedViewController.xib */; };
		83A131351C98CDAF005EA7CA /* FBSDKCoreKit.framework in Frameworks */ = {isa = PBXBuildFile; fileRef = 83A131331C98CDAF005EA7CA /* FBSDKCoreKit.framework */; };
		83A131361C98CDAF005EA7CA /* FBSDKLoginKit.framework in Frameworks */ = {isa = PBXBuildFile; fileRef = 83A131341C98CDAF005EA7CA /* FBSDKLoginKit.framework */; };
		FF55F8211CAB54E1004E534F /* favicon.ico in Resources */ = {isa = PBXBuildFile; fileRef = FF55F8201CAB54E1004E534F /* favicon.ico */; };
		FFA0908C1CA2315500ADFAC4 /* MasterViewController.m in Sources */ = {isa = PBXBuildFile; fileRef = FFA090831CA2315500ADFAC4 /* MasterViewController.m */; };
		FFA0908D1CA2315500ADFAC4 /* DetailViewController.m in Sources */ = {isa = PBXBuildFile; fileRef = FFA090851CA2315500ADFAC4 /* DetailViewController.m */; };
		FFA0908E1CA2315500ADFAC4 /* TumblrIndividualObject.m in Sources */ = {isa = PBXBuildFile; fileRef = FFA090871CA2315500ADFAC4 /* TumblrIndividualObject.m */; };
		FFA0908F1CA2315500ADFAC4 /* TumblrPost.m in Sources */ = {isa = PBXBuildFile; fileRef = FFA090891CA2315500ADFAC4 /* TumblrPost.m */; };
		FFA090901CA2315500ADFAC4 /* TBViewController.m in Sources */ = {isa = PBXBuildFile; fileRef = FFA0908B1CA2315500ADFAC4 /* TBViewController.m */; };
		FFA090BF1CA2318000ADFAC4 /* SBJsonUTF8Stream.m in Sources */ = {isa = PBXBuildFile; fileRef = FFA090941CA2318000ADFAC4 /* SBJsonUTF8Stream.m */; };
		FFA090C01CA2318000ADFAC4 /* SBJsonStreamParserAccumulator.m in Sources */ = {isa = PBXBuildFile; fileRef = FFA090951CA2318000ADFAC4 /* SBJsonStreamParserAccumulator.m */; };
		FFA090C11CA2318000ADFAC4 /* SBJsonWriter.m in Sources */ = {isa = PBXBuildFile; fileRef = FFA090961CA2318000ADFAC4 /* SBJsonWriter.m */; };
		FFA090C21CA2318000ADFAC4 /* SBJsonStreamParser.m in Sources */ = {isa = PBXBuildFile; fileRef = FFA090991CA2318000ADFAC4 /* SBJsonStreamParser.m */; };
		FFA090C31CA2318000ADFAC4 /* SBJsonParser.m in Sources */ = {isa = PBXBuildFile; fileRef = FFA0909A1CA2318000ADFAC4 /* SBJsonParser.m */; };
		FFA090C41CA2318000ADFAC4 /* AFNetworkReachabilityManager.m in Sources */ = {isa = PBXBuildFile; fileRef = FFA090A11CA2318000ADFAC4 /* AFNetworkReachabilityManager.m */; };
		FFA090C51CA2318000ADFAC4 /* AFURLRequestSerialization.m in Sources */ = {isa = PBXBuildFile; fileRef = FFA090A41CA2318000ADFAC4 /* AFURLRequestSerialization.m */; };
		FFA090C61CA2318000ADFAC4 /* AFURLResponseSerialization.m in Sources */ = {isa = PBXBuildFile; fileRef = FFA090A51CA2318000ADFAC4 /* AFURLResponseSerialization.m */; };
		FFA090C71CA2318000ADFAC4 /* AFURLSessionManager.m in Sources */ = {isa = PBXBuildFile; fileRef = FFA090A61CA2318000ADFAC4 /* AFURLSessionManager.m */; };
		FFA090C81CA2318000ADFAC4 /* AFHTTPRequestOperationManager.m in Sources */ = {isa = PBXBuildFile; fileRef = FFA090A91CA2318000ADFAC4 /* AFHTTPRequestOperationManager.m */; };
		FFA090C91CA2318000ADFAC4 /* AFSecurityPolicy.m in Sources */ = {isa = PBXBuildFile; fileRef = FFA090AA1CA2318000ADFAC4 /* AFSecurityPolicy.m */; };
		FFA090CA1CA2318000ADFAC4 /* AFHTTPRequestOperation.m in Sources */ = {isa = PBXBuildFile; fileRef = FFA090AC1CA2318000ADFAC4 /* AFHTTPRequestOperation.m */; };
		FFA090CB1CA2318000ADFAC4 /* AFHTTPSessionManager.m in Sources */ = {isa = PBXBuildFile; fileRef = FFA090AF1CA2318000ADFAC4 /* AFHTTPSessionManager.m */; };
		FFA090CC1CA2318000ADFAC4 /* AFURLConnectionOperation.m in Sources */ = {isa = PBXBuildFile; fileRef = FFA090B01CA2318000ADFAC4 /* AFURLConnectionOperation.m */; };
		FFA090CD1CA2318000ADFAC4 /* SBJsonTokeniser.m in Sources */ = {isa = PBXBuildFile; fileRef = FFA090B21CA2318000ADFAC4 /* SBJsonTokeniser.m */; };
		FFA090CE1CA2318000ADFAC4 /* SBJsonStreamWriterAccumulator.m in Sources */ = {isa = PBXBuildFile; fileRef = FFA090B61CA2318000ADFAC4 /* SBJsonStreamWriterAccumulator.m */; };
		FFA090CF1CA2318000ADFAC4 /* NSObject+SBJson.m in Sources */ = {isa = PBXBuildFile; fileRef = FFA090B91CA2318000ADFAC4 /* NSObject+SBJson.m */; };
		FFA090D01CA2318000ADFAC4 /* SBJsonStreamWriter.m in Sources */ = {isa = PBXBuildFile; fileRef = FFA090BA1CA2318000ADFAC4 /* SBJsonStreamWriter.m */; };
		FFA090D11CA2318000ADFAC4 /* SBJsonStreamParserState.m in Sources */ = {isa = PBXBuildFile; fileRef = FFA090BB1CA2318000ADFAC4 /* SBJsonStreamParserState.m */; };
		FFA090D21CA2318000ADFAC4 /* SBJsonStreamParserAdapter.m in Sources */ = {isa = PBXBuildFile; fileRef = FFA090BC1CA2318000ADFAC4 /* SBJsonStreamParserAdapter.m */; };
		FFA090D31CA2318000ADFAC4 /* SBJsonStreamWriterState.m in Sources */ = {isa = PBXBuildFile; fileRef = FFA090BE1CA2318000ADFAC4 /* SBJsonStreamWriterState.m */; };
		FFA090D81CA233FF00ADFAC4 /* GTMNSString+HTML.m in Sources */ = {isa = PBXBuildFile; fileRef = FFA090D51CA233FF00ADFAC4 /* GTMNSString+HTML.m */; };
		FFA090D91CA233FF00ADFAC4 /* NSString+HTML.m in Sources */ = {isa = PBXBuildFile; fileRef = FFA090D71CA233FF00ADFAC4 /* NSString+HTML.m */; };
/* End PBXBuildFile section */

/* Begin PBXContainerItemProxy section */
		83927DCF1C972571001DCCF4 /* PBXContainerItemProxy */ = {
			isa = PBXContainerItemProxy;
			containerPortal = 83927DAD1C972570001DCCF4 /* Project object */;
			proxyType = 1;
			remoteGlobalIDString = 83927DB41C972570001DCCF4;
			remoteInfo = Amalgamate;
		};
		83927DDA1C972571001DCCF4 /* PBXContainerItemProxy */ = {
			isa = PBXContainerItemProxy;
			containerPortal = 83927DAD1C972570001DCCF4 /* Project object */;
			proxyType = 1;
			remoteGlobalIDString = 83927DB41C972570001DCCF4;
			remoteInfo = Amalgamate;
		};
/* End PBXContainerItemProxy section */

/* Begin PBXFileReference section */
		75A73F541CAB2DEF007BA316 /* AmalgamateIcon.jpg */ = {isa = PBXFileReference; lastKnownFileType = image.jpeg; path = AmalgamateIcon.jpg; sourceTree = "<group>"; };
		83245BEA1C99FFA6000C6EBD /* SearchTermData.h */ = {isa = PBXFileReference; fileEncoding = 4; lastKnownFileType = sourcecode.c.h; path = SearchTermData.h; sourceTree = "<group>"; };
		83245BEB1C99FFA6000C6EBD /* SearchTermData.m */ = {isa = PBXFileReference; fileEncoding = 4; lastKnownFileType = sourcecode.c.objc; path = SearchTermData.m; sourceTree = "<group>"; };
		83657F411C99F45900B799A2 /* Fabric.framework */ = {isa = PBXFileReference; lastKnownFileType = wrapper.framework; path = Fabric.framework; sourceTree = "<group>"; };
		83657F421C99F45900B799A2 /* TwitterKit.framework */ = {isa = PBXFileReference; lastKnownFileType = wrapper.framework; path = TwitterKit.framework; sourceTree = "<group>"; };
		83657F431C99F45900B799A2 /* TwitterKitResources.bundle */ = {isa = PBXFileReference; lastKnownFileType = "wrapper.plug-in"; name = TwitterKitResources.bundle; path = TwitterKit.framework/Versions/A/Resources/TwitterKitResources.bundle; sourceTree = "<group>"; };
		83657F441C99F45900B799A2 /* TwitterCore.framework */ = {isa = PBXFileReference; lastKnownFileType = wrapper.framework; path = TwitterCore.framework; sourceTree = "<group>"; };
		83927DB51C972570001DCCF4 /* Amalgamate.app */ = {isa = PBXFileReference; explicitFileType = wrapper.application; includeInIndex = 0; path = Amalgamate.app; sourceTree = BUILT_PRODUCTS_DIR; };
		83927DB91C972570001DCCF4 /* main.m */ = {isa = PBXFileReference; lastKnownFileType = sourcecode.c.objc; path = main.m; sourceTree = "<group>"; };
		83927DBB1C972570001DCCF4 /* AppDelegate.h */ = {isa = PBXFileReference; lastKnownFileType = sourcecode.c.h; path = AppDelegate.h; sourceTree = "<group>"; };
		83927DBC1C972570001DCCF4 /* AppDelegate.m */ = {isa = PBXFileReference; lastKnownFileType = sourcecode.c.objc; path = AppDelegate.m; sourceTree = "<group>"; };
		83927DBE1C972570001DCCF4 /* ViewController.h */ = {isa = PBXFileReference; lastKnownFileType = sourcecode.c.h; path = ViewController.h; sourceTree = "<group>"; };
		83927DBF1C972570001DCCF4 /* ViewController.m */ = {isa = PBXFileReference; lastKnownFileType = sourcecode.c.objc; path = ViewController.m; sourceTree = "<group>"; };
		83927DC21C972570001DCCF4 /* Base */ = {isa = PBXFileReference; lastKnownFileType = file.storyboard; name = Base; path = Base.lproj/Main.storyboard; sourceTree = "<group>"; };
		83927DC41C972571001DCCF4 /* Assets.xcassets */ = {isa = PBXFileReference; lastKnownFileType = folder.assetcatalog; path = Assets.xcassets; sourceTree = "<group>"; };
		83927DC71C972571001DCCF4 /* Base */ = {isa = PBXFileReference; lastKnownFileType = file.storyboard; name = Base; path = Base.lproj/LaunchScreen.storyboard; sourceTree = "<group>"; };
		83927DC91C972571001DCCF4 /* Info.plist */ = {isa = PBXFileReference; lastKnownFileType = text.plist.xml; path = Info.plist; sourceTree = "<group>"; };
		83927DCE1C972571001DCCF4 /* AmalgamateTests.xctest */ = {isa = PBXFileReference; explicitFileType = wrapper.cfbundle; includeInIndex = 0; path = AmalgamateTests.xctest; sourceTree = BUILT_PRODUCTS_DIR; };
		83927DD21C972571001DCCF4 /* AmalgamateTests.m */ = {isa = PBXFileReference; lastKnownFileType = sourcecode.c.objc; path = AmalgamateTests.m; sourceTree = "<group>"; };
		83927DD41C972571001DCCF4 /* Info.plist */ = {isa = PBXFileReference; lastKnownFileType = text.plist.xml; path = Info.plist; sourceTree = "<group>"; };
		83927DD91C972571001DCCF4 /* AmalgamateUITests.xctest */ = {isa = PBXFileReference; explicitFileType = wrapper.cfbundle; includeInIndex = 0; path = AmalgamateUITests.xctest; sourceTree = BUILT_PRODUCTS_DIR; };
		83927DDD1C972571001DCCF4 /* AmalgamateUITests.m */ = {isa = PBXFileReference; lastKnownFileType = sourcecode.c.objc; path = AmalgamateUITests.m; sourceTree = "<group>"; };
		83927DDF1C972571001DCCF4 /* Info.plist */ = {isa = PBXFileReference; lastKnownFileType = text.plist.xml; path = Info.plist; sourceTree = "<group>"; };
		83927DEB1C97281B001DCCF4 /* SearchViewController.h */ = {isa = PBXFileReference; fileEncoding = 4; lastKnownFileType = sourcecode.c.h; path = SearchViewController.h; sourceTree = "<group>"; };
		83927DEC1C97281B001DCCF4 /* SearchViewController.m */ = {isa = PBXFileReference; fileEncoding = 4; lastKnownFileType = sourcecode.c.objc; path = SearchViewController.m; sourceTree = "<group>"; };
		83927DF41C9751D1001DCCF4 /* ManageViewController.h */ = {isa = PBXFileReference; fileEncoding = 4; lastKnownFileType = sourcecode.c.h; path = ManageViewController.h; sourceTree = "<group>"; };
		83927DF51C9751D1001DCCF4 /* ManageViewController.m */ = {isa = PBXFileReference; fileEncoding = 4; lastKnownFileType = sourcecode.c.objc; path = ManageViewController.m; sourceTree = "<group>"; };
		83927DF61C9751D1001DCCF4 /* ManageViewController.xib */ = {isa = PBXFileReference; fileEncoding = 4; lastKnownFileType = file.xib; path = ManageViewController.xib; sourceTree = "<group>"; };
		83A077FB1CA210E700AF4797 /* SelectFeedViewController.h */ = {isa = PBXFileReference; fileEncoding = 4; lastKnownFileType = sourcecode.c.h; path = SelectFeedViewController.h; sourceTree = "<group>"; };
		83A077FC1CA210E700AF4797 /* SelectFeedViewController.m */ = {isa = PBXFileReference; fileEncoding = 4; lastKnownFileType = sourcecode.c.objc; path = SelectFeedViewController.m; sourceTree = "<group>"; };
		83A077FD1CA210E700AF4797 /* SelectFeedViewController.xib */ = {isa = PBXFileReference; fileEncoding = 4; lastKnownFileType = file.xib; path = SelectFeedViewController.xib; sourceTree = "<group>"; };
		83A131331C98CDAF005EA7CA /* FBSDKCoreKit.framework */ = {isa = PBXFileReference; lastKnownFileType = wrapper.framework; path = FBSDKCoreKit.framework; sourceTree = "<group>"; };
		83A131341C98CDAF005EA7CA /* FBSDKLoginKit.framework */ = {isa = PBXFileReference; lastKnownFileType = wrapper.framework; path = FBSDKLoginKit.framework; sourceTree = "<group>"; };
		FF55F8201CAB54E1004E534F /* favicon.ico */ = {isa = PBXFileReference; lastKnownFileType = image.ico; path = favicon.ico; sourceTree = "<group>"; };
		FFA090811CA2315500ADFAC4 /* CommonIncludes.h */ = {isa = PBXFileReference; fileEncoding = 4; lastKnownFileType = sourcecode.c.h; path = CommonIncludes.h; sourceTree = "<group>"; };
		FFA090821CA2315500ADFAC4 /* MasterViewController.h */ = {isa = PBXFileReference; fileEncoding = 4; lastKnownFileType = sourcecode.c.h; path = MasterViewController.h; sourceTree = "<group>"; };
		FFA090831CA2315500ADFAC4 /* MasterViewController.m */ = {isa = PBXFileReference; fileEncoding = 4; lastKnownFileType = sourcecode.c.objc; path = MasterViewController.m; sourceTree = "<group>"; };
		FFA090841CA2315500ADFAC4 /* DetailViewController.h */ = {isa = PBXFileReference; fileEncoding = 4; lastKnownFileType = sourcecode.c.h; path = DetailViewController.h; sourceTree = "<group>"; };
		FFA090851CA2315500ADFAC4 /* DetailViewController.m */ = {isa = PBXFileReference; fileEncoding = 4; lastKnownFileType = sourcecode.c.objc; path = DetailViewController.m; sourceTree = "<group>"; };
		FFA090861CA2315500ADFAC4 /* TumblrIndividualObject.h */ = {isa = PBXFileReference; fileEncoding = 4; lastKnownFileType = sourcecode.c.h; path = TumblrIndividualObject.h; sourceTree = "<group>"; };
		FFA090871CA2315500ADFAC4 /* TumblrIndividualObject.m */ = {isa = PBXFileReference; fileEncoding = 4; lastKnownFileType = sourcecode.c.objc; path = TumblrIndividualObject.m; sourceTree = "<group>"; };
		FFA090881CA2315500ADFAC4 /* TumblrPost.h */ = {isa = PBXFileReference; fileEncoding = 4; lastKnownFileType = sourcecode.c.h; path = TumblrPost.h; sourceTree = "<group>"; };
		FFA090891CA2315500ADFAC4 /* TumblrPost.m */ = {isa = PBXFileReference; fileEncoding = 4; lastKnownFileType = sourcecode.c.objc; path = TumblrPost.m; sourceTree = "<group>"; };
		FFA0908A1CA2315500ADFAC4 /* TBViewController.h */ = {isa = PBXFileReference; fileEncoding = 4; lastKnownFileType = sourcecode.c.h; path = TBViewController.h; sourceTree = "<group>"; };
		FFA0908B1CA2315500ADFAC4 /* TBViewController.m */ = {isa = PBXFileReference; fileEncoding = 4; lastKnownFileType = sourcecode.c.objc; path = TBViewController.m; sourceTree = "<group>"; };
		FFA090921CA2318000ADFAC4 /* SBJsonStreamParserAdapter.h */ = {isa = PBXFileReference; fileEncoding = 4; lastKnownFileType = sourcecode.c.h; path = SBJsonStreamParserAdapter.h; sourceTree = "<group>"; };
		FFA090931CA2318000ADFAC4 /* SBJsonWriter.h */ = {isa = PBXFileReference; fileEncoding = 4; lastKnownFileType = sourcecode.c.h; path = SBJsonWriter.h; sourceTree = "<group>"; };
		FFA090941CA2318000ADFAC4 /* SBJsonUTF8Stream.m */ = {isa = PBXFileReference; fileEncoding = 4; lastKnownFileType = sourcecode.c.objc; path = SBJsonUTF8Stream.m; sourceTree = "<group>"; };
		FFA090951CA2318000ADFAC4 /* SBJsonStreamParserAccumulator.m */ = {isa = PBXFileReference; fileEncoding = 4; lastKnownFileType = sourcecode.c.objc; path = SBJsonStreamParserAccumulator.m; sourceTree = "<group>"; };
		FFA090961CA2318000ADFAC4 /* SBJsonWriter.m */ = {isa = PBXFileReference; fileEncoding = 4; lastKnownFileType = sourcecode.c.objc; path = SBJsonWriter.m; sourceTree = "<group>"; };
		FFA090971CA2318000ADFAC4 /* SBJsonStreamParser.h */ = {isa = PBXFileReference; fileEncoding = 4; lastKnownFileType = sourcecode.c.h; path = SBJsonStreamParser.h; sourceTree = "<group>"; };
		FFA090981CA2318000ADFAC4 /* SBJsonUTF8Stream.h */ = {isa = PBXFileReference; fileEncoding = 4; lastKnownFileType = sourcecode.c.h; path = SBJsonUTF8Stream.h; sourceTree = "<group>"; };
		FFA090991CA2318000ADFAC4 /* SBJsonStreamParser.m */ = {isa = PBXFileReference; fileEncoding = 4; lastKnownFileType = sourcecode.c.objc; path = SBJsonStreamParser.m; sourceTree = "<group>"; };
		FFA0909A1CA2318000ADFAC4 /* SBJsonParser.m */ = {isa = PBXFileReference; fileEncoding = 4; lastKnownFileType = sourcecode.c.objc; path = SBJsonParser.m; sourceTree = "<group>"; };
		FFA0909B1CA2318000ADFAC4 /* SBJsonTokeniser.h */ = {isa = PBXFileReference; fileEncoding = 4; lastKnownFileType = sourcecode.c.h; path = SBJsonTokeniser.h; sourceTree = "<group>"; };
		FFA0909C1CA2318000ADFAC4 /* SBJsonStreamWriterAccumulator.h */ = {isa = PBXFileReference; fileEncoding = 4; lastKnownFileType = sourcecode.c.h; path = SBJsonStreamWriterAccumulator.h; sourceTree = "<group>"; };
		FFA0909E1CA2318000ADFAC4 /* AFSecurityPolicy.h */ = {isa = PBXFileReference; fileEncoding = 4; lastKnownFileType = sourcecode.c.h; path = AFSecurityPolicy.h; sourceTree = "<group>"; };
		FFA0909F1CA2318000ADFAC4 /* AFURLResponseSerialization.h */ = {isa = PBXFileReference; fileEncoding = 4; lastKnownFileType = sourcecode.c.h; path = AFURLResponseSerialization.h; sourceTree = "<group>"; };
		FFA090A01CA2318000ADFAC4 /* AFURLSessionManager.h */ = {isa = PBXFileReference; fileEncoding = 4; lastKnownFileType = sourcecode.c.h; path = AFURLSessionManager.h; sourceTree = "<group>"; };
		FFA090A11CA2318000ADFAC4 /* AFNetworkReachabilityManager.m */ = {isa = PBXFileReference; fileEncoding = 4; lastKnownFileType = sourcecode.c.objc; path = AFNetworkReachabilityManager.m; sourceTree = "<group>"; };
		FFA090A21CA2318000ADFAC4 /* AFURLRequestSerialization.h */ = {isa = PBXFileReference; fileEncoding = 4; lastKnownFileType = sourcecode.c.h; path = AFURLRequestSerialization.h; sourceTree = "<group>"; };
		FFA090A31CA2318000ADFAC4 /* AFHTTPRequestOperationManager.h */ = {isa = PBXFileReference; fileEncoding = 4; lastKnownFileType = sourcecode.c.h; path = AFHTTPRequestOperationManager.h; sourceTree = "<group>"; };
		FFA090A41CA2318000ADFAC4 /* AFURLRequestSerialization.m */ = {isa = PBXFileReference; fileEncoding = 4; lastKnownFileType = sourcecode.c.objc; path = AFURLRequestSerialization.m; sourceTree = "<group>"; };
		FFA090A51CA2318000ADFAC4 /* AFURLResponseSerialization.m */ = {isa = PBXFileReference; fileEncoding = 4; lastKnownFileType = sourcecode.c.objc; path = AFURLResponseSerialization.m; sourceTree = "<group>"; };
		FFA090A61CA2318000ADFAC4 /* AFURLSessionManager.m */ = {isa = PBXFileReference; fileEncoding = 4; lastKnownFileType = sourcecode.c.objc; path = AFURLSessionManager.m; sourceTree = "<group>"; };
		FFA090A71CA2318000ADFAC4 /* AFNetworkReachabilityManager.h */ = {isa = PBXFileReference; fileEncoding = 4; lastKnownFileType = sourcecode.c.h; path = AFNetworkReachabilityManager.h; sourceTree = "<group>"; };
		FFA090A81CA2318000ADFAC4 /* AFHTTPSessionManager.h */ = {isa = PBXFileReference; fileEncoding = 4; lastKnownFileType = sourcecode.c.h; path = AFHTTPSessionManager.h; sourceTree = "<group>"; };
		FFA090A91CA2318000ADFAC4 /* AFHTTPRequestOperationManager.m */ = {isa = PBXFileReference; fileEncoding = 4; lastKnownFileType = sourcecode.c.objc; path = AFHTTPRequestOperationManager.m; sourceTree = "<group>"; };
		FFA090AA1CA2318000ADFAC4 /* AFSecurityPolicy.m */ = {isa = PBXFileReference; fileEncoding = 4; lastKnownFileType = sourcecode.c.objc; path = AFSecurityPolicy.m; sourceTree = "<group>"; };
		FFA090AB1CA2318000ADFAC4 /* AFURLConnectionOperation.h */ = {isa = PBXFileReference; fileEncoding = 4; lastKnownFileType = sourcecode.c.h; path = AFURLConnectionOperation.h; sourceTree = "<group>"; };
		FFA090AC1CA2318000ADFAC4 /* AFHTTPRequestOperation.m */ = {isa = PBXFileReference; fileEncoding = 4; lastKnownFileType = sourcecode.c.objc; path = AFHTTPRequestOperation.m; sourceTree = "<group>"; };
		FFA090AD1CA2318000ADFAC4 /* AFHTTPRequestOperation.h */ = {isa = PBXFileReference; fileEncoding = 4; lastKnownFileType = sourcecode.c.h; path = AFHTTPRequestOperation.h; sourceTree = "<group>"; };
		FFA090AE1CA2318000ADFAC4 /* AFNetworking.h */ = {isa = PBXFileReference; fileEncoding = 4; lastKnownFileType = sourcecode.c.h; path = AFNetworking.h; sourceTree = "<group>"; };
		FFA090AF1CA2318000ADFAC4 /* AFHTTPSessionManager.m */ = {isa = PBXFileReference; fileEncoding = 4; lastKnownFileType = sourcecode.c.objc; path = AFHTTPSessionManager.m; sourceTree = "<group>"; };
		FFA090B01CA2318000ADFAC4 /* AFURLConnectionOperation.m */ = {isa = PBXFileReference; fileEncoding = 4; lastKnownFileType = sourcecode.c.objc; path = AFURLConnectionOperation.m; sourceTree = "<group>"; };
		FFA090B11CA2318000ADFAC4 /* SBJsonParser.h */ = {isa = PBXFileReference; fileEncoding = 4; lastKnownFileType = sourcecode.c.h; path = SBJsonParser.h; sourceTree = "<group>"; };
		FFA090B21CA2318000ADFAC4 /* SBJsonTokeniser.m */ = {isa = PBXFileReference; fileEncoding = 4; lastKnownFileType = sourcecode.c.objc; path = SBJsonTokeniser.m; sourceTree = "<group>"; };
		FFA090B31CA2318000ADFAC4 /* SBJsonStreamParserAccumulator.h */ = {isa = PBXFileReference; fileEncoding = 4; lastKnownFileType = sourcecode.c.h; path = SBJsonStreamParserAccumulator.h; sourceTree = "<group>"; };
		FFA090B41CA2318000ADFAC4 /* SBJsonStreamWriterState.h */ = {isa = PBXFileReference; fileEncoding = 4; lastKnownFileType = sourcecode.c.h; path = SBJsonStreamWriterState.h; sourceTree = "<group>"; };
		FFA090B51CA2318000ADFAC4 /* SBJson.h */ = {isa = PBXFileReference; fileEncoding = 4; lastKnownFileType = sourcecode.c.h; path = SBJson.h; sourceTree = "<group>"; };
		FFA090B61CA2318000ADFAC4 /* SBJsonStreamWriterAccumulator.m */ = {isa = PBXFileReference; fileEncoding = 4; lastKnownFileType = sourcecode.c.objc; path = SBJsonStreamWriterAccumulator.m; sourceTree = "<group>"; };
		FFA090B71CA2318000ADFAC4 /* SBJsonStreamWriter.h */ = {isa = PBXFileReference; fileEncoding = 4; lastKnownFileType = sourcecode.c.h; path = SBJsonStreamWriter.h; sourceTree = "<group>"; };
		FFA090B81CA2318000ADFAC4 /* SBJsonStreamParserState.h */ = {isa = PBXFileReference; fileEncoding = 4; lastKnownFileType = sourcecode.c.h; path = SBJsonStreamParserState.h; sourceTree = "<group>"; };
		FFA090B91CA2318000ADFAC4 /* NSObject+SBJson.m */ = {isa = PBXFileReference; fileEncoding = 4; lastKnownFileType = sourcecode.c.objc; path = "NSObject+SBJson.m"; sourceTree = "<group>"; };
		FFA090BA1CA2318000ADFAC4 /* SBJsonStreamWriter.m */ = {isa = PBXFileReference; fileEncoding = 4; lastKnownFileType = sourcecode.c.objc; path = SBJsonStreamWriter.m; sourceTree = "<group>"; };
		FFA090BB1CA2318000ADFAC4 /* SBJsonStreamParserState.m */ = {isa = PBXFileReference; fileEncoding = 4; lastKnownFileType = sourcecode.c.objc; path = SBJsonStreamParserState.m; sourceTree = "<group>"; };
		FFA090BC1CA2318000ADFAC4 /* SBJsonStreamParserAdapter.m */ = {isa = PBXFileReference; fileEncoding = 4; lastKnownFileType = sourcecode.c.objc; path = SBJsonStreamParserAdapter.m; sourceTree = "<group>"; };
		FFA090BD1CA2318000ADFAC4 /* NSObject+SBJson.h */ = {isa = PBXFileReference; fileEncoding = 4; lastKnownFileType = sourcecode.c.h; path = "NSObject+SBJson.h"; sourceTree = "<group>"; };
		FFA090BE1CA2318000ADFAC4 /* SBJsonStreamWriterState.m */ = {isa = PBXFileReference; fileEncoding = 4; lastKnownFileType = sourcecode.c.objc; path = SBJsonStreamWriterState.m; sourceTree = "<group>"; };
		FFA090D41CA233FF00ADFAC4 /* GTMNSString+HTML.h */ = {isa = PBXFileReference; fileEncoding = 4; lastKnownFileType = sourcecode.c.h; path = "GTMNSString+HTML.h"; sourceTree = "<group>"; };
		FFA090D51CA233FF00ADFAC4 /* GTMNSString+HTML.m */ = {isa = PBXFileReference; fileEncoding = 4; lastKnownFileType = sourcecode.c.objc; path = "GTMNSString+HTML.m"; sourceTree = "<group>"; };
		FFA090D61CA233FF00ADFAC4 /* NSString+HTML.h */ = {isa = PBXFileReference; fileEncoding = 4; lastKnownFileType = sourcecode.c.h; path = "NSString+HTML.h"; sourceTree = "<group>"; };
		FFA090D71CA233FF00ADFAC4 /* NSString+HTML.m */ = {isa = PBXFileReference; fileEncoding = 4; lastKnownFileType = sourcecode.c.objc; path = "NSString+HTML.m"; sourceTree = "<group>"; };
/* End PBXFileReference section */

/* Begin PBXFrameworksBuildPhase section */
		83927DB21C972570001DCCF4 /* Frameworks */ = {
			isa = PBXFrameworksBuildPhase;
			buildActionMask = 2147483647;
			files = (
				83657F481C99F45900B799A2 /* TwitterCore.framework in Frameworks */,
				83A131361C98CDAF005EA7CA /* FBSDKLoginKit.framework in Frameworks */,
				83A131351C98CDAF005EA7CA /* FBSDKCoreKit.framework in Frameworks */,
				83657F451C99F45900B799A2 /* Fabric.framework in Frameworks */,
				83657F461C99F45900B799A2 /* TwitterKit.framework in Frameworks */,
			);
			runOnlyForDeploymentPostprocessing = 0;
		};
		83927DCB1C972571001DCCF4 /* Frameworks */ = {
			isa = PBXFrameworksBuildPhase;
			buildActionMask = 2147483647;
			files = (
			);
			runOnlyForDeploymentPostprocessing = 0;
		};
		83927DD61C972571001DCCF4 /* Frameworks */ = {
			isa = PBXFrameworksBuildPhase;
			buildActionMask = 2147483647;
			files = (
			);
			runOnlyForDeploymentPostprocessing = 0;
		};
/* End PBXFrameworksBuildPhase section */

/* Begin PBXGroup section */
		83927DAC1C972570001DCCF4 = {
			isa = PBXGroup;
			children = (
				FFA0909D1CA2318000ADFAC4 /* AFNetworking */,
				FFA090911CA2318000ADFAC4 /* SBJson */,
				FFA090801CA2314800ADFAC4 /* Tumblr */,
				83927DB71C972570001DCCF4 /* Amalgamate */,
				83927DFB1C978ACA001DCCF4 /* Frameworks */,
				83927DD11C972571001DCCF4 /* AmalgamateTests */,
				83927DDC1C972571001DCCF4 /* AmalgamateUITests */,
				83927DB61C972570001DCCF4 /* Products */,
				83657F411C99F45900B799A2 /* Fabric.framework */,
				83657F421C99F45900B799A2 /* TwitterKit.framework */,
				83657F431C99F45900B799A2 /* TwitterKitResources.bundle */,
				83657F441C99F45900B799A2 /* TwitterCore.framework */,
			);
			sourceTree = "<group>";
		};
		83927DB61C972570001DCCF4 /* Products */ = {
			isa = PBXGroup;
			children = (
				83927DB51C972570001DCCF4 /* Amalgamate.app */,
				83927DCE1C972571001DCCF4 /* AmalgamateTests.xctest */,
				83927DD91C972571001DCCF4 /* AmalgamateUITests.xctest */,
			);
			name = Products;
			sourceTree = "<group>";
		};
		83927DB71C972570001DCCF4 /* Amalgamate */ = {
			isa = PBXGroup;
			children = (
				83927DBB1C972570001DCCF4 /* AppDelegate.h */,
				83927DBC1C972570001DCCF4 /* AppDelegate.m */,
				83927DBE1C972570001DCCF4 /* ViewController.h */,
				83927DBF1C972570001DCCF4 /* ViewController.m */,
				83927DEB1C97281B001DCCF4 /* SearchViewController.h */,
				83927DEC1C97281B001DCCF4 /* SearchViewController.m */,
				83927DC11C972570001DCCF4 /* Main.storyboard */,
				83A077FB1CA210E700AF4797 /* SelectFeedViewController.h */,
				83A077FC1CA210E700AF4797 /* SelectFeedViewController.m */,
				83A077FD1CA210E700AF4797 /* SelectFeedViewController.xib */,
				83927DF41C9751D1001DCCF4 /* ManageViewController.h */,
				83927DF51C9751D1001DCCF4 /* ManageViewController.m */,
				83927DF61C9751D1001DCCF4 /* ManageViewController.xib */,
				83927DC41C972571001DCCF4 /* Assets.xcassets */,
				83927DC61C972571001DCCF4 /* LaunchScreen.storyboard */,
				83927DC91C972571001DCCF4 /* Info.plist */,
				83245BEA1C99FFA6000C6EBD /* SearchTermData.h */,
				83245BEB1C99FFA6000C6EBD /* SearchTermData.m */,
				75A73F541CAB2DEF007BA316 /* AmalgamateIcon.jpg */,
				83927DB81C972570001DCCF4 /* Supporting Files */,
			);
			path = Amalgamate;
			sourceTree = "<group>";
		};
		83927DB81C972570001DCCF4 /* Supporting Files */ = {
			isa = PBXGroup;
			children = (
				83927DB91C972570001DCCF4 /* main.m */,
			);
			name = "Supporting Files";
			sourceTree = "<group>";
		};
		83927DD11C972571001DCCF4 /* AmalgamateTests */ = {
			isa = PBXGroup;
			children = (
				83927DD21C972571001DCCF4 /* AmalgamateTests.m */,
				83927DD41C972571001DCCF4 /* Info.plist */,
			);
			path = AmalgamateTests;
			sourceTree = "<group>";
		};
		83927DDC1C972571001DCCF4 /* AmalgamateUITests */ = {
			isa = PBXGroup;
			children = (
				83927DDD1C972571001DCCF4 /* AmalgamateUITests.m */,
				83927DDF1C972571001DCCF4 /* Info.plist */,
			);
			path = AmalgamateUITests;
			sourceTree = "<group>";
		};
		83927DFB1C978ACA001DCCF4 /* Frameworks */ = {
			isa = PBXGroup;
			children = (
				83A131331C98CDAF005EA7CA /* FBSDKCoreKit.framework */,
				83A131341C98CDAF005EA7CA /* FBSDKLoginKit.framework */,
			);
			name = Frameworks;
			sourceTree = "<group>";
		};
		FFA090801CA2314800ADFAC4 /* Tumblr */ = {
			isa = PBXGroup;
			children = (
				FF55F8201CAB54E1004E534F /* favicon.ico */,
				FFA090D41CA233FF00ADFAC4 /* GTMNSString+HTML.h */,
				FFA090D51CA233FF00ADFAC4 /* GTMNSString+HTML.m */,
				FFA090D61CA233FF00ADFAC4 /* NSString+HTML.h */,
				FFA090D71CA233FF00ADFAC4 /* NSString+HTML.m */,
				FFA090811CA2315500ADFAC4 /* CommonIncludes.h */,
				FFA090821CA2315500ADFAC4 /* MasterViewController.h */,
				FFA090831CA2315500ADFAC4 /* MasterViewController.m */,
				FFA090841CA2315500ADFAC4 /* DetailViewController.h */,
				FFA090851CA2315500ADFAC4 /* DetailViewController.m */,
				FFA090861CA2315500ADFAC4 /* TumblrIndividualObject.h */,
				FFA090871CA2315500ADFAC4 /* TumblrIndividualObject.m */,
				FFA090881CA2315500ADFAC4 /* TumblrPost.h */,
				FFA090891CA2315500ADFAC4 /* TumblrPost.m */,
				FFA0908A1CA2315500ADFAC4 /* TBViewController.h */,
				FFA0908B1CA2315500ADFAC4 /* TBViewController.m */,
			);
			name = Tumblr;
			sourceTree = "<group>";
		};
		FFA090911CA2318000ADFAC4 /* SBJson */ = {
			isa = PBXGroup;
			children = (
				FFA090921CA2318000ADFAC4 /* SBJsonStreamParserAdapter.h */,
				FFA090931CA2318000ADFAC4 /* SBJsonWriter.h */,
				FFA090941CA2318000ADFAC4 /* SBJsonUTF8Stream.m */,
				FFA090951CA2318000ADFAC4 /* SBJsonStreamParserAccumulator.m */,
				FFA090961CA2318000ADFAC4 /* SBJsonWriter.m */,
				FFA090971CA2318000ADFAC4 /* SBJsonStreamParser.h */,
				FFA090981CA2318000ADFAC4 /* SBJsonUTF8Stream.h */,
				FFA090991CA2318000ADFAC4 /* SBJsonStreamParser.m */,
				FFA0909A1CA2318000ADFAC4 /* SBJsonParser.m */,
				FFA0909B1CA2318000ADFAC4 /* SBJsonTokeniser.h */,
				FFA0909C1CA2318000ADFAC4 /* SBJsonStreamWriterAccumulator.h */,
				FFA090B11CA2318000ADFAC4 /* SBJsonParser.h */,
				FFA090B21CA2318000ADFAC4 /* SBJsonTokeniser.m */,
				FFA090B31CA2318000ADFAC4 /* SBJsonStreamParserAccumulator.h */,
				FFA090B41CA2318000ADFAC4 /* SBJsonStreamWriterState.h */,
				FFA090B51CA2318000ADFAC4 /* SBJson.h */,
				FFA090B61CA2318000ADFAC4 /* SBJsonStreamWriterAccumulator.m */,
				FFA090B71CA2318000ADFAC4 /* SBJsonStreamWriter.h */,
				FFA090B81CA2318000ADFAC4 /* SBJsonStreamParserState.h */,
				FFA090B91CA2318000ADFAC4 /* NSObject+SBJson.m */,
				FFA090BA1CA2318000ADFAC4 /* SBJsonStreamWriter.m */,
				FFA090BB1CA2318000ADFAC4 /* SBJsonStreamParserState.m */,
				FFA090BC1CA2318000ADFAC4 /* SBJsonStreamParserAdapter.m */,
				FFA090BD1CA2318000ADFAC4 /* NSObject+SBJson.h */,
				FFA090BE1CA2318000ADFAC4 /* SBJsonStreamWriterState.m */,
			);
			path = SBJson;
			sourceTree = "<group>";
		};
		FFA0909D1CA2318000ADFAC4 /* AFNetworking */ = {
			isa = PBXGroup;
			children = (
				FFA0909E1CA2318000ADFAC4 /* AFSecurityPolicy.h */,
				FFA0909F1CA2318000ADFAC4 /* AFURLResponseSerialization.h */,
				FFA090A01CA2318000ADFAC4 /* AFURLSessionManager.h */,
				FFA090A11CA2318000ADFAC4 /* AFNetworkReachabilityManager.m */,
				FFA090A21CA2318000ADFAC4 /* AFURLRequestSerialization.h */,
				FFA090A31CA2318000ADFAC4 /* AFHTTPRequestOperationManager.h */,
				FFA090A41CA2318000ADFAC4 /* AFURLRequestSerialization.m */,
				FFA090A51CA2318000ADFAC4 /* AFURLResponseSerialization.m */,
				FFA090A61CA2318000ADFAC4 /* AFURLSessionManager.m */,
				FFA090A71CA2318000ADFAC4 /* AFNetworkReachabilityManager.h */,
				FFA090A81CA2318000ADFAC4 /* AFHTTPSessionManager.h */,
				FFA090A91CA2318000ADFAC4 /* AFHTTPRequestOperationManager.m */,
				FFA090AA1CA2318000ADFAC4 /* AFSecurityPolicy.m */,
				FFA090AB1CA2318000ADFAC4 /* AFURLConnectionOperation.h */,
				FFA090AC1CA2318000ADFAC4 /* AFHTTPRequestOperation.m */,
				FFA090AD1CA2318000ADFAC4 /* AFHTTPRequestOperation.h */,
				FFA090AE1CA2318000ADFAC4 /* AFNetworking.h */,
				FFA090AF1CA2318000ADFAC4 /* AFHTTPSessionManager.m */,
				FFA090B01CA2318000ADFAC4 /* AFURLConnectionOperation.m */,
			);
			name = AFNetworking;
			path = SBJson/AFNetworking;
			sourceTree = "<group>";
		};
/* End PBXGroup section */

/* Begin PBXNativeTarget section */
		83927DB41C972570001DCCF4 /* Amalgamate */ = {
			isa = PBXNativeTarget;
			buildConfigurationList = 83927DE21C972571001DCCF4 /* Build configuration list for PBXNativeTarget "Amalgamate" */;
			buildPhases = (
				83927DB11C972570001DCCF4 /* Sources */,
				83927DB21C972570001DCCF4 /* Frameworks */,
				83927DB31C972570001DCCF4 /* Resources */,
				83657F401C99F42E00B799A2 /* ShellScript */,
			);
			buildRules = (
			);
			dependencies = (
			);
			name = Amalgamate;
			productName = Amalgamate;
			productReference = 83927DB51C972570001DCCF4 /* Amalgamate.app */;
			productType = "com.apple.product-type.application";
		};
		83927DCD1C972571001DCCF4 /* AmalgamateTests */ = {
			isa = PBXNativeTarget;
			buildConfigurationList = 83927DE51C972571001DCCF4 /* Build configuration list for PBXNativeTarget "AmalgamateTests" */;
			buildPhases = (
				83927DCA1C972571001DCCF4 /* Sources */,
				83927DCB1C972571001DCCF4 /* Frameworks */,
				83927DCC1C972571001DCCF4 /* Resources */,
			);
			buildRules = (
			);
			dependencies = (
				83927DD01C972571001DCCF4 /* PBXTargetDependency */,
			);
			name = AmalgamateTests;
			productName = AmalgamateTests;
			productReference = 83927DCE1C972571001DCCF4 /* AmalgamateTests.xctest */;
			productType = "com.apple.product-type.bundle.unit-test";
		};
		83927DD81C972571001DCCF4 /* AmalgamateUITests */ = {
			isa = PBXNativeTarget;
			buildConfigurationList = 83927DE81C972571001DCCF4 /* Build configuration list for PBXNativeTarget "AmalgamateUITests" */;
			buildPhases = (
				83927DD51C972571001DCCF4 /* Sources */,
				83927DD61C972571001DCCF4 /* Frameworks */,
				83927DD71C972571001DCCF4 /* Resources */,
			);
			buildRules = (
			);
			dependencies = (
				83927DDB1C972571001DCCF4 /* PBXTargetDependency */,
			);
			name = AmalgamateUITests;
			productName = AmalgamateUITests;
			productReference = 83927DD91C972571001DCCF4 /* AmalgamateUITests.xctest */;
			productType = "com.apple.product-type.bundle.ui-testing";
		};
/* End PBXNativeTarget section */

/* Begin PBXProject section */
		83927DAD1C972570001DCCF4 /* Project object */ = {
			isa = PBXProject;
			attributes = {
				LastUpgradeCheck = 0720;
				ORGANIZATIONNAME = Group10;
				TargetAttributes = {
					83927DB41C972570001DCCF4 = {
						CreatedOnToolsVersion = 7.2.1;
						DevelopmentTeam = GNHFM5EZSQ;
					};
					83927DCD1C972571001DCCF4 = {
						CreatedOnToolsVersion = 7.2.1;
						TestTargetID = 83927DB41C972570001DCCF4;
					};
					83927DD81C972571001DCCF4 = {
						CreatedOnToolsVersion = 7.2.1;
						TestTargetID = 83927DB41C972570001DCCF4;
					};
				};
			};
			buildConfigurationList = 83927DB01C972570001DCCF4 /* Build configuration list for PBXProject "Amalgamate" */;
			compatibilityVersion = "Xcode 3.2";
			developmentRegion = English;
			hasScannedForEncodings = 0;
			knownRegions = (
				en,
				Base,
			);
			mainGroup = 83927DAC1C972570001DCCF4;
			productRefGroup = 83927DB61C972570001DCCF4 /* Products */;
			projectDirPath = "";
			projectRoot = "";
			targets = (
				83927DB41C972570001DCCF4 /* Amalgamate */,
				83927DCD1C972571001DCCF4 /* AmalgamateTests */,
				83927DD81C972571001DCCF4 /* AmalgamateUITests */,
			);
		};
/* End PBXProject section */

/* Begin PBXResourcesBuildPhase section */
		83927DB31C972570001DCCF4 /* Resources */ = {
			isa = PBXResourcesBuildPhase;
			buildActionMask = 2147483647;
			files = (
				83927DC81C972571001DCCF4 /* LaunchScreen.storyboard in Resources */,
				83927DF81C9751D1001DCCF4 /* ManageViewController.xib in Resources */,
				FF55F8211CAB54E1004E534F /* favicon.ico in Resources */,
				83927DC51C972571001DCCF4 /* Assets.xcassets in Resources */,
				83927DC31C972570001DCCF4 /* Main.storyboard in Resources */,
				83A077FF1CA210E700AF4797 /* SelectFeedViewController.xib in Resources */,
				75A73F551CAB2DEF007BA316 /* AmalgamateIcon.jpg in Resources */,
				83657F471C99F45900B799A2 /* TwitterKitResources.bundle in Resources */,
			);
			runOnlyForDeploymentPostprocessing = 0;
		};
		83927DCC1C972571001DCCF4 /* Resources */ = {
			isa = PBXResourcesBuildPhase;
			buildActionMask = 2147483647;
			files = (
			);
			runOnlyForDeploymentPostprocessing = 0;
		};
		83927DD71C972571001DCCF4 /* Resources */ = {
			isa = PBXResourcesBuildPhase;
			buildActionMask = 2147483647;
			files = (
			);
			runOnlyForDeploymentPostprocessing = 0;
		};
/* End PBXResourcesBuildPhase section */

/* Begin PBXShellScriptBuildPhase section */
		83657F401C99F42E00B799A2 /* ShellScript */ = {
			isa = PBXShellScriptBuildPhase;
			buildActionMask = 2147483647;
			files = (
			);
			inputPaths = (
			);
			outputPaths = (
			);
			runOnlyForDeploymentPostprocessing = 0;
			shellPath = /bin/sh;
			shellScript = "./Fabric.framework/run d0a3e2da71a44b118a420a240fea66925992bbfc eb2c3c8574a0262858bb2cd3fa01a4c6951775c1f67d43bec0deb7e646ca73e5";
		};
/* End PBXShellScriptBuildPhase section */

/* Begin PBXSourcesBuildPhase section */
		83927DB11C972570001DCCF4 /* Sources */ = {
			isa = PBXSourcesBuildPhase;
			buildActionMask = 2147483647;
			files = (
				FFA090CC1CA2318000ADFAC4 /* AFURLConnectionOperation.m in Sources */,
				83927DC01C972570001DCCF4 /* ViewController.m in Sources */,
				FFA090C11CA2318000ADFAC4 /* SBJsonWriter.m in Sources */,
				FFA090C91CA2318000ADFAC4 /* AFSecurityPolicy.m in Sources */,
				83245BEC1C99FFA6000C6EBD /* SearchTermData.m in Sources */,
				FFA090C71CA2318000ADFAC4 /* AFURLSessionManager.m in Sources */,
				FFA0908D1CA2315500ADFAC4 /* DetailViewController.m in Sources */,
				FFA090D81CA233FF00ADFAC4 /* GTMNSString+HTML.m in Sources */,
				FFA0908E1CA2315500ADFAC4 /* TumblrIndividualObject.m in Sources */,
				83927DBD1C972570001DCCF4 /* AppDelegate.m in Sources */,
				FFA090BF1CA2318000ADFAC4 /* SBJsonUTF8Stream.m in Sources */,
				FFA090CE1CA2318000ADFAC4 /* SBJsonStreamWriterAccumulator.m in Sources */,
				FFA090C21CA2318000ADFAC4 /* SBJsonStreamParser.m in Sources */,
				FFA090CD1CA2318000ADFAC4 /* SBJsonTokeniser.m in Sources */,
				FFA090D11CA2318000ADFAC4 /* SBJsonStreamParserState.m in Sources */,
				FFA090D01CA2318000ADFAC4 /* SBJsonStreamWriter.m in Sources */,
				FFA090D31CA2318000ADFAC4 /* SBJsonStreamWriterState.m in Sources */,
				FFA090D91CA233FF00ADFAC4 /* NSString+HTML.m in Sources */,
				FFA0908F1CA2315500ADFAC4 /* TumblrPost.m in Sources */,
				FFA090901CA2315500ADFAC4 /* TBViewController.m in Sources */,
				FFA090CB1CA2318000ADFAC4 /* AFHTTPSessionManager.m in Sources */,
				FFA090CA1CA2318000ADFAC4 /* AFHTTPRequestOperation.m in Sources */,
				FFA090C41CA2318000ADFAC4 /* AFNetworkReachabilityManager.m in Sources */,
				FFA090C31CA2318000ADFAC4 /* SBJsonParser.m in Sources */,
				FFA090C51CA2318000ADFAC4 /* AFURLRequestSerialization.m in Sources */,
				83927DED1C97281B001DCCF4 /* SearchViewController.m in Sources */,
				FFA090C61CA2318000ADFAC4 /* AFURLResponseSerialization.m in Sources */,
				FFA090C81CA2318000ADFAC4 /* AFHTTPRequestOperationManager.m in Sources */,
				FFA0908C1CA2315500ADFAC4 /* MasterViewController.m in Sources */,
				83927DF71C9751D1001DCCF4 /* ManageViewController.m in Sources */,
				FFA090CF1CA2318000ADFAC4 /* NSObject+SBJson.m in Sources */,
				83A077FE1CA210E700AF4797 /* SelectFeedViewController.m in Sources */,
				FFA090C01CA2318000ADFAC4 /* SBJsonStreamParserAccumulator.m in Sources */,
				83927DBA1C972570001DCCF4 /* main.m in Sources */,
				FFA090D21CA2318000ADFAC4 /* SBJsonStreamParserAdapter.m in Sources */,
			);
			runOnlyForDeploymentPostprocessing = 0;
		};
		83927DCA1C972571001DCCF4 /* Sources */ = {
			isa = PBXSourcesBuildPhase;
			buildActionMask = 2147483647;
			files = (
				83927DD31C972571001DCCF4 /* AmalgamateTests.m in Sources */,
			);
			runOnlyForDeploymentPostprocessing = 0;
		};
		83927DD51C972571001DCCF4 /* Sources */ = {
			isa = PBXSourcesBuildPhase;
			buildActionMask = 2147483647;
			files = (
				83927DDE1C972571001DCCF4 /* AmalgamateUITests.m in Sources */,
			);
			runOnlyForDeploymentPostprocessing = 0;
		};
/* End PBXSourcesBuildPhase section */

/* Begin PBXTargetDependency section */
		83927DD01C972571001DCCF4 /* PBXTargetDependency */ = {
			isa = PBXTargetDependency;
			target = 83927DB41C972570001DCCF4 /* Amalgamate */;
			targetProxy = 83927DCF1C972571001DCCF4 /* PBXContainerItemProxy */;
		};
		83927DDB1C972571001DCCF4 /* PBXTargetDependency */ = {
			isa = PBXTargetDependency;
			target = 83927DB41C972570001DCCF4 /* Amalgamate */;
			targetProxy = 83927DDA1C972571001DCCF4 /* PBXContainerItemProxy */;
		};
/* End PBXTargetDependency section */

/* Begin PBXVariantGroup section */
		83927DC11C972570001DCCF4 /* Main.storyboard */ = {
			isa = PBXVariantGroup;
			children = (
				83927DC21C972570001DCCF4 /* Base */,
			);
			name = Main.storyboard;
			sourceTree = "<group>";
		};
		83927DC61C972571001DCCF4 /* LaunchScreen.storyboard */ = {
			isa = PBXVariantGroup;
			children = (
				83927DC71C972571001DCCF4 /* Base */,
			);
			name = LaunchScreen.storyboard;
			sourceTree = "<group>";
		};
/* End PBXVariantGroup section */

/* Begin XCBuildConfiguration section */
		83927DE01C972571001DCCF4 /* Debug */ = {
			isa = XCBuildConfiguration;
			buildSettings = {
				ALWAYS_SEARCH_USER_PATHS = NO;
				CLANG_CXX_LANGUAGE_STANDARD = "gnu++0x";
				CLANG_CXX_LIBRARY = "libc++";
				CLANG_ENABLE_MODULES = YES;
				CLANG_ENABLE_OBJC_ARC = YES;
				CLANG_WARN_BOOL_CONVERSION = YES;
				CLANG_WARN_CONSTANT_CONVERSION = YES;
				CLANG_WARN_DIRECT_OBJC_ISA_USAGE = YES_ERROR;
				CLANG_WARN_EMPTY_BODY = YES;
				CLANG_WARN_ENUM_CONVERSION = YES;
				CLANG_WARN_INT_CONVERSION = YES;
				CLANG_WARN_OBJC_ROOT_CLASS = YES_ERROR;
				CLANG_WARN_UNREACHABLE_CODE = YES;
				CLANG_WARN__DUPLICATE_METHOD_MATCH = YES;
				"CODE_SIGN_IDENTITY[sdk=iphoneos*]" = "iPhone Developer";
				COPY_PHASE_STRIP = NO;
				DEBUG_INFORMATION_FORMAT = dwarf;
				ENABLE_STRICT_OBJC_MSGSEND = YES;
				ENABLE_TESTABILITY = YES;
				GCC_C_LANGUAGE_STANDARD = gnu99;
				GCC_DYNAMIC_NO_PIC = NO;
				GCC_NO_COMMON_BLOCKS = YES;
				GCC_OPTIMIZATION_LEVEL = 0;
				GCC_PREPROCESSOR_DEFINITIONS = (
					"DEBUG=1",
					"$(inherited)",
				);
				GCC_WARN_64_TO_32_BIT_CONVERSION = YES;
				GCC_WARN_ABOUT_RETURN_TYPE = YES_ERROR;
				GCC_WARN_UNDECLARED_SELECTOR = YES;
				GCC_WARN_UNINITIALIZED_AUTOS = YES_AGGRESSIVE;
				GCC_WARN_UNUSED_FUNCTION = YES;
				GCC_WARN_UNUSED_VARIABLE = YES;
				IPHONEOS_DEPLOYMENT_TARGET = 9.2;
				MTL_ENABLE_DEBUG_INFO = YES;
				ONLY_ACTIVE_ARCH = YES;
				SDKROOT = iphoneos;
				TARGETED_DEVICE_FAMILY = "1,2";
			};
			name = Debug;
		};
		83927DE11C972571001DCCF4 /* Release */ = {
			isa = XCBuildConfiguration;
			buildSettings = {
				ALWAYS_SEARCH_USER_PATHS = NO;
				CLANG_CXX_LANGUAGE_STANDARD = "gnu++0x";
				CLANG_CXX_LIBRARY = "libc++";
				CLANG_ENABLE_MODULES = YES;
				CLANG_ENABLE_OBJC_ARC = YES;
				CLANG_WARN_BOOL_CONVERSION = YES;
				CLANG_WARN_CONSTANT_CONVERSION = YES;
				CLANG_WARN_DIRECT_OBJC_ISA_USAGE = YES_ERROR;
				CLANG_WARN_EMPTY_BODY = YES;
				CLANG_WARN_ENUM_CONVERSION = YES;
				CLANG_WARN_INT_CONVERSION = YES;
				CLANG_WARN_OBJC_ROOT_CLASS = YES_ERROR;
				CLANG_WARN_UNREACHABLE_CODE = YES;
				CLANG_WARN__DUPLICATE_METHOD_MATCH = YES;
				"CODE_SIGN_IDENTITY[sdk=iphoneos*]" = "iPhone Developer";
				COPY_PHASE_STRIP = NO;
				DEBUG_INFORMATION_FORMAT = "dwarf-with-dsym";
				ENABLE_NS_ASSERTIONS = NO;
				ENABLE_STRICT_OBJC_MSGSEND = YES;
				GCC_C_LANGUAGE_STANDARD = gnu99;
				GCC_NO_COMMON_BLOCKS = YES;
				GCC_WARN_64_TO_32_BIT_CONVERSION = YES;
				GCC_WARN_ABOUT_RETURN_TYPE = YES_ERROR;
				GCC_WARN_UNDECLARED_SELECTOR = YES;
				GCC_WARN_UNINITIALIZED_AUTOS = YES_AGGRESSIVE;
				GCC_WARN_UNUSED_FUNCTION = YES;
				GCC_WARN_UNUSED_VARIABLE = YES;
				IPHONEOS_DEPLOYMENT_TARGET = 9.2;
				MTL_ENABLE_DEBUG_INFO = NO;
				SDKROOT = iphoneos;
				TARGETED_DEVICE_FAMILY = "1,2";
				VALIDATE_PRODUCT = YES;
			};
			name = Release;
		};
		83927DE31C972571001DCCF4 /* Debug */ = {
			isa = XCBuildConfiguration;
			buildSettings = {
				ASSETCATALOG_COMPILER_APPICON_NAME = AppIcon;
				CODE_SIGN_IDENTITY = "iPhone Developer";
				"CODE_SIGN_IDENTITY[sdk=iphoneos*]" = "iPhone Developer";
				FRAMEWORK_SEARCH_PATHS = (
					"$(inherited)",
					"$(PROJECT_DIR)",
				);
				INFOPLIST_FILE = Amalgamate/Info.plist;
				LD_RUNPATH_SEARCH_PATHS = "$(inherited) @executable_path/Frameworks";
				PRODUCT_BUNDLE_IDENTIFIER = C398Group10.Amalgamate;
				PRODUCT_NAME = "$(TARGET_NAME)";
				PROVISIONING_PROFILE = "";
			};
			name = Debug;
		};
		83927DE41C972571001DCCF4 /* Release */ = {
			isa = XCBuildConfiguration;
			buildSettings = {
				ASSETCATALOG_COMPILER_APPICON_NAME = AppIcon;
				CODE_SIGN_IDENTITY = "iPhone Developer";
				"CODE_SIGN_IDENTITY[sdk=iphoneos*]" = "iPhone Developer";
				FRAMEWORK_SEARCH_PATHS = (
					"$(inherited)",
					"$(PROJECT_DIR)",
				);
				INFOPLIST_FILE = Amalgamate/Info.plist;
				LD_RUNPATH_SEARCH_PATHS = "$(inherited) @executable_path/Frameworks";
				PRODUCT_BUNDLE_IDENTIFIER = C398Group10.Amalgamate;
				PRODUCT_NAME = "$(TARGET_NAME)";
				PROVISIONING_PROFILE = "";
			};
			name = Release;
		};
		83927DE61C972571001DCCF4 /* Debug */ = {
			isa = XCBuildConfiguration;
			buildSettings = {
				BUNDLE_LOADER = "$(TEST_HOST)";
				INFOPLIST_FILE = AmalgamateTests/Info.plist;
				LD_RUNPATH_SEARCH_PATHS = "$(inherited) @executable_path/Frameworks @loader_path/Frameworks";
				PRODUCT_BUNDLE_IDENTIFIER = Group10.AmalgamateTests;
				PRODUCT_NAME = "$(TARGET_NAME)";
				TEST_HOST = "$(BUILT_PRODUCTS_DIR)/Amalgamate.app/Amalgamate";
			};
			name = Debug;
		};
		83927DE71C972571001DCCF4 /* Release */ = {
			isa = XCBuildConfiguration;
			buildSettings = {
				BUNDLE_LOADER = "$(TEST_HOST)";
				INFOPLIST_FILE = AmalgamateTests/Info.plist;
				LD_RUNPATH_SEARCH_PATHS = "$(inherited) @executable_path/Frameworks @loader_path/Frameworks";
				PRODUCT_BUNDLE_IDENTIFIER = Group10.AmalgamateTests;
				PRODUCT_NAME = "$(TARGET_NAME)";
				TEST_HOST = "$(BUILT_PRODUCTS_DIR)/Amalgamate.app/Amalgamate";
			};
			name = Release;
		};
		83927DE91C972571001DCCF4 /* Debug */ = {
			isa = XCBuildConfiguration;
			buildSettings = {
				INFOPLIST_FILE = AmalgamateUITests/Info.plist;
				LD_RUNPATH_SEARCH_PATHS = "$(inherited) @executable_path/Frameworks @loader_path/Frameworks";
				PRODUCT_BUNDLE_IDENTIFIER = Group10.AmalgamateUITests;
				PRODUCT_NAME = "$(TARGET_NAME)";
				TEST_TARGET_NAME = Amalgamate;
				USES_XCTRUNNER = YES;
			};
			name = Debug;
		};
		83927DEA1C972571001DCCF4 /* Release */ = {
			isa = XCBuildConfiguration;
			buildSettings = {
				INFOPLIST_FILE = AmalgamateUITests/Info.plist;
				LD_RUNPATH_SEARCH_PATHS = "$(inherited) @executable_path/Frameworks @loader_path/Frameworks";
				PRODUCT_BUNDLE_IDENTIFIER = Group10.AmalgamateUITests;
				PRODUCT_NAME = "$(TARGET_NAME)";
				TEST_TARGET_NAME = Amalgamate;
				USES_XCTRUNNER = YES;
			};
			name = Release;
		};
/* End XCBuildConfiguration section */

/* Begin XCConfigurationList section */
		83927DB01C972570001DCCF4 /* Build configuration list for PBXProject "Amalgamate" */ = {
			isa = XCConfigurationList;
			buildConfigurations = (
				83927DE01C972571001DCCF4 /* Debug */,
				83927DE11C972571001DCCF4 /* Release */,
			);
			defaultConfigurationIsVisible = 0;
			defaultConfigurationName = Release;
		};
		83927DE21C972571001DCCF4 /* Build configuration list for PBXNativeTarget "Amalgamate" */ = {
			isa = XCConfigurationList;
			buildConfigurations = (
				83927DE31C972571001DCCF4 /* Debug */,
				83927DE41C972571001DCCF4 /* Release */,
			);
			defaultConfigurationIsVisible = 0;
			defaultConfigurationName = Release;
		};
		83927DE51C972571001DCCF4 /* Build configuration list for PBXNativeTarget "AmalgamateTests" */ = {
			isa = XCConfigurationList;
			buildConfigurations = (
				83927DE61C972571001DCCF4 /* Debug */,
				83927DE71C972571001DCCF4 /* Release */,
			);
			defaultConfigurationIsVisible = 0;
			defaultConfigurationName = Release;
		};
		83927DE81C972571001DCCF4 /* Build configuration list for PBXNativeTarget "AmalgamateUITests" */ = {
			isa = XCConfigurationList;
			buildConfigurations = (
				83927DE91C972571001DCCF4 /* Debug */,
				83927DEA1C972571001DCCF4 /* Release */,
			);
			defaultConfigurationIsVisible = 0;
			defaultConfigurationName = Release;
		};
/* End XCConfigurationList section */
	};
	rootObject = 83927DAD1C972570001DCCF4 /* Project object */;
}
